// !$*UTF8*$!
{
	archiveVersion = 1;
	classes = {
	};
	objectVersion = 56;
	objects = {

/* Begin PBXBuildFile section */
		3DCB91AE2AAD03D30063F88A /* KweonMichelleHW2App.swift in Sources */ = {isa = PBXBuildFile; fileRef = 3DCB91AD2AAD03D30063F88A /* KweonMichelleHW2App.swift */; };
		3DCB91B02AAD03D30063F88A /* ContentView.swift in Sources */ = {isa = PBXBuildFile; fileRef = 3DCB91AF2AAD03D30063F88A /* ContentView.swift */; };
		3DCB91B22AAD03D40063F88A /* Assets.xcassets in Resources */ = {isa = PBXBuildFile; fileRef = 3DCB91B12AAD03D40063F88A /* Assets.xcassets */; };
		3DCB91B52AAD03D40063F88A /* Preview Assets.xcassets in Resources */ = {isa = PBXBuildFile; fileRef = 3DCB91B42AAD03D40063F88A /* Preview Assets.xcassets */; };
		3DCB91BF2AAD03D50063F88A /* KweonMichelleHW2Tests.swift in Sources */ = {isa = PBXBuildFile; fileRef = 3DCB91BE2AAD03D50063F88A /* KweonMichelleHW2Tests.swift */; };
		3DCB91C92AAD03D50063F88A /* KweonMichelleHW2UITests.swift in Sources */ = {isa = PBXBuildFile; fileRef = 3DCB91C82AAD03D50063F88A /* KweonMichelleHW2UITests.swift */; };
		3DCB91CB2AAD03D50063F88A /* KweonMichelleHW2UITestsLaunchTests.swift in Sources */ = {isa = PBXBuildFile; fileRef = 3DCB91CA2AAD03D50063F88A /* KweonMichelleHW2UITestsLaunchTests.swift */; };
/* End PBXBuildFile section */

/* Begin PBXContainerItemProxy section */
		3DCB91BB2AAD03D50063F88A /* PBXContainerItemProxy */ = {
			isa = PBXContainerItemProxy;
			containerPortal = 3DCB91A22AAD03D20063F88A /* Project object */;
			proxyType = 1;
			remoteGlobalIDString = 3DCB91A92AAD03D20063F88A;
			remoteInfo = KweonMichelleHW2;
		};
		3DCB91C52AAD03D50063F88A /* PBXContainerItemProxy */ = {
			isa = PBXContainerItemProxy;
			containerPortal = 3DCB91A22AAD03D20063F88A /* Project object */;
			proxyType = 1;
			remoteGlobalIDString = 3DCB91A92AAD03D20063F88A;
			remoteInfo = KweonMichelleHW2;
		};
/* End PBXContainerItemProxy section */

/* Begin PBXFileReference section */
		3DCB91AA2AAD03D30063F88A /* KweonMichelleHW2.app */ = {isa = PBXFileReference; explicitFileType = wrapper.application; includeInIndex = 0; path = KweonMichelleHW2.app; sourceTree = BUILT_PRODUCTS_DIR; };
		3DCB91AD2AAD03D30063F88A /* KweonMichelleHW2App.swift */ = {isa = PBXFileReference; lastKnownFileType = sourcecode.swift; path = KweonMichelleHW2App.swift; sourceTree = "<group>"; };
		3DCB91AF2AAD03D30063F88A /* ContentView.swift */ = {isa = PBXFileReference; lastKnownFileType = sourcecode.swift; path = ContentView.swift; sourceTree = "<group>"; };
		3DCB91B12AAD03D40063F88A /* Assets.xcassets */ = {isa = PBXFileReference; lastKnownFileType = folder.assetcatalog; path = Assets.xcassets; sourceTree = "<group>"; };
		3DCB91B42AAD03D40063F88A /* Preview Assets.xcassets */ = {isa = PBXFileReference; lastKnownFileType = folder.assetcatalog; path = "Preview Assets.xcassets"; sourceTree = "<group>"; };
		3DCB91BA2AAD03D50063F88A /* KweonMichelleHW2Tests.xctest */ = {isa = PBXFileReference; explicitFileType = wrapper.cfbundle; includeInIndex = 0; path = KweonMichelleHW2Tests.xctest; sourceTree = BUILT_PRODUCTS_DIR; };
		3DCB91BE2AAD03D50063F88A /* KweonMichelleHW2Tests.swift */ = {isa = PBXFileReference; lastKnownFileType = sourcecode.swift; path = KweonMichelleHW2Tests.swift; sourceTree = "<group>"; };
		3DCB91C42AAD03D50063F88A /* KweonMichelleHW2UITests.xctest */ = {isa = PBXFileReference; explicitFileType = wrapper.cfbundle; includeInIndex = 0; path = KweonMichelleHW2UITests.xctest; sourceTree = BUILT_PRODUCTS_DIR; };
		3DCB91C82AAD03D50063F88A /* KweonMichelleHW2UITests.swift */ = {isa = PBXFileReference; lastKnownFileType = sourcecode.swift; path = KweonMichelleHW2UITests.swift; sourceTree = "<group>"; };
		3DCB91CA2AAD03D50063F88A /* KweonMichelleHW2UITestsLaunchTests.swift */ = {isa = PBXFileReference; lastKnownFileType = sourcecode.swift; path = KweonMichelleHW2UITestsLaunchTests.swift; sourceTree = "<group>"; };
/* End PBXFileReference section */

/* Begin PBXFrameworksBuildPhase section */
		3DCB91A72AAD03D20063F88A /* Frameworks */ = {
			isa = PBXFrameworksBuildPhase;
			buildActionMask = 2147483647;
			files = (
			);
			runOnlyForDeploymentPostprocessing = 0;
		};
		3DCB91B72AAD03D50063F88A /* Frameworks */ = {
			isa = PBXFrameworksBuildPhase;
			buildActionMask = 2147483647;
			files = (
			);
			runOnlyForDeploymentPostprocessing = 0;
		};
		3DCB91C12AAD03D50063F88A /* Frameworks */ = {
			isa = PBXFrameworksBuildPhase;
			buildActionMask = 2147483647;
			files = (
			);
			runOnlyForDeploymentPostprocessing = 0;
		};
/* End PBXFrameworksBuildPhase section */

/* Begin PBXGroup section */
		3DCB91A12AAD03D20063F88A = {
			isa = PBXGroup;
			children = (
				3DCB91AC2AAD03D30063F88A /* KweonMichelleHW2 */,
				3DCB91BD2AAD03D50063F88A /* KweonMichelleHW2Tests */,
				3DCB91C72AAD03D50063F88A /* KweonMichelleHW2UITests */,
				3DCB91AB2AAD03D30063F88A /* Products */,
			);
			sourceTree = "<group>";
		};
		3DCB91AB2AAD03D30063F88A /* Products */ = {
			isa = PBXGroup;
			children = (
				3DCB91AA2AAD03D30063F88A /* KweonMichelleHW2.app */,
				3DCB91BA2AAD03D50063F88A /* KweonMichelleHW2Tests.xctest */,
				3DCB91C42AAD03D50063F88A /* KweonMichelleHW2UITests.xctest */,
			);
			name = Products;
			sourceTree = "<group>";
		};
		3DCB91AC2AAD03D30063F88A /* KweonMichelleHW2 */ = {
			isa = PBXGroup;
			children = (
				3DCB91AD2AAD03D30063F88A /* KweonMichelleHW2App.swift */,
				3DCB91AF2AAD03D30063F88A /* ContentView.swift */,
				3DCB91B12AAD03D40063F88A /* Assets.xcassets */,
				3DCB91B32AAD03D40063F88A /* Preview Content */,
			);
			path = KweonMichelleHW2;
			sourceTree = "<group>";
		};
		3DCB91B32AAD03D40063F88A /* Preview Content */ = {
			isa = PBXGroup;
			children = (
				3DCB91B42AAD03D40063F88A /* Preview Assets.xcassets */,
			);
			path = "Preview Content";
			sourceTree = "<group>";
		};
		3DCB91BD2AAD03D50063F88A /* KweonMichelleHW2Tests */ = {
			isa = PBXGroup;
			children = (
				3DCB91BE2AAD03D50063F88A /* KweonMichelleHW2Tests.swift */,
			);
			path = KweonMichelleHW2Tests;
			sourceTree = "<group>";
		};
		3DCB91C72AAD03D50063F88A /* KweonMichelleHW2UITests */ = {
			isa = PBXGroup;
			children = (
				3DCB91C82AAD03D50063F88A /* KweonMichelleHW2UITests.swift */,
				3DCB91CA2AAD03D50063F88A /* KweonMichelleHW2UITestsLaunchTests.swift */,
			);
			path = KweonMichelleHW2UITests;
			sourceTree = "<group>";
		};
/* End PBXGroup section */

/* Begin PBXNativeTarget section */
		3DCB91A92AAD03D20063F88A /* KweonMichelleHW2 */ = {
			isa = PBXNativeTarget;
			buildConfigurationList = 3DCB91CE2AAD03D50063F88A /* Build configuration list for PBXNativeTarget "KweonMichelleHW2" */;
			buildPhases = (
				3DCB91A62AAD03D20063F88A /* Sources */,
				3DCB91A72AAD03D20063F88A /* Frameworks */,
				3DCB91A82AAD03D20063F88A /* Resources */,
			);
			buildRules = (
			);
			dependencies = (
			);
			name = KweonMichelleHW2;
			productName = KweonMichelleHW2;
			productReference = 3DCB91AA2AAD03D30063F88A /* KweonMichelleHW2.app */;
			productType = "com.apple.product-type.application";
		};
		3DCB91B92AAD03D50063F88A /* KweonMichelleHW2Tests */ = {
			isa = PBXNativeTarget;
			buildConfigurationList = 3DCB91D12AAD03D50063F88A /* Build configuration list for PBXNativeTarget "KweonMichelleHW2Tests" */;
			buildPhases = (
				3DCB91B62AAD03D50063F88A /* Sources */,
				3DCB91B72AAD03D50063F88A /* Frameworks */,
				3DCB91B82AAD03D50063F88A /* Resources */,
			);
			buildRules = (
			);
			dependencies = (
				3DCB91BC2AAD03D50063F88A /* PBXTargetDependency */,
			);
			name = KweonMichelleHW2Tests;
			productName = KweonMichelleHW2Tests;
			productReference = 3DCB91BA2AAD03D50063F88A /* KweonMichelleHW2Tests.xctest */;
			productType = "com.apple.product-type.bundle.unit-test";
		};
		3DCB91C32AAD03D50063F88A /* KweonMichelleHW2UITests */ = {
			isa = PBXNativeTarget;
			buildConfigurationList = 3DCB91D42AAD03D50063F88A /* Build configuration list for PBXNativeTarget "KweonMichelleHW2UITests" */;
			buildPhases = (
				3DCB91C02AAD03D50063F88A /* Sources */,
				3DCB91C12AAD03D50063F88A /* Frameworks */,
				3DCB91C22AAD03D50063F88A /* Resources */,
			);
			buildRules = (
			);
			dependencies = (
				3DCB91C62AAD03D50063F88A /* PBXTargetDependency */,
			);
			name = KweonMichelleHW2UITests;
			productName = KweonMichelleHW2UITests;
			productReference = 3DCB91C42AAD03D50063F88A /* KweonMichelleHW2UITests.xctest */;
			productType = "com.apple.product-type.bundle.ui-testing";
		};
/* End PBXNativeTarget section */

/* Begin PBXProject section */
		3DCB91A22AAD03D20063F88A /* Project object */ = {
			isa = PBXProject;
			attributes = {
				BuildIndependentTargetsInParallel = 1;
				LastSwiftUpdateCheck = 1430;
				LastUpgradeCheck = 1430;
				TargetAttributes = {
					3DCB91A92AAD03D20063F88A = {
						CreatedOnToolsVersion = 14.3.1;
					};
					3DCB91B92AAD03D50063F88A = {
						CreatedOnToolsVersion = 14.3.1;
						TestTargetID = 3DCB91A92AAD03D20063F88A;
					};
					3DCB91C32AAD03D50063F88A = {
						CreatedOnToolsVersion = 14.3.1;
						TestTargetID = 3DCB91A92AAD03D20063F88A;
					};
				};
			};
			buildConfigurationList = 3DCB91A52AAD03D20063F88A /* Build configuration list for PBXProject "KweonMichelleHW2" */;
			compatibilityVersion = "Xcode 14.0";
			developmentRegion = en;
			hasScannedForEncodings = 0;
			knownRegions = (
				en,
				Base,
			);
			mainGroup = 3DCB91A12AAD03D20063F88A;
			productRefGroup = 3DCB91AB2AAD03D30063F88A /* Products */;
			projectDirPath = "";
			projectRoot = "";
			targets = (
				3DCB91A92AAD03D20063F88A /* KweonMichelleHW2 */,
				3DCB91B92AAD03D50063F88A /* KweonMichelleHW2Tests */,
				3DCB91C32AAD03D50063F88A /* KweonMichelleHW2UITests */,
			);
		};
/* End PBXProject section */

/* Begin PBXResourcesBuildPhase section */
		3DCB91A82AAD03D20063F88A /* Resources */ = {
			isa = PBXResourcesBuildPhase;
			buildActionMask = 2147483647;
			files = (
				3DCB91B52AAD03D40063F88A /* Preview Assets.xcassets in Resources */,
				3DCB91B22AAD03D40063F88A /* Assets.xcassets in Resources */,
			);
			runOnlyForDeploymentPostprocessing = 0;
		};
		3DCB91B82AAD03D50063F88A /* Resources */ = {
			isa = PBXResourcesBuildPhase;
			buildActionMask = 2147483647;
			files = (
			);
			runOnlyForDeploymentPostprocessing = 0;
		};
		3DCB91C22AAD03D50063F88A /* Resources */ = {
			isa = PBXResourcesBuildPhase;
			buildActionMask = 2147483647;
			files = (
			);
			runOnlyForDeploymentPostprocessing = 0;
		};
/* End PBXResourcesBuildPhase section */

/* Begin PBXSourcesBuildPhase section */
		3DCB91A62AAD03D20063F88A /* Sources */ = {
			isa = PBXSourcesBuildPhase;
			buildActionMask = 2147483647;
			files = (
				3DCB91B02AAD03D30063F88A /* ContentView.swift in Sources */,
				3DCB91AE2AAD03D30063F88A /* KweonMichelleHW2App.swift in Sources */,
			);
			runOnlyForDeploymentPostprocessing = 0;
		};
		3DCB91B62AAD03D50063F88A /* Sources */ = {
			isa = PBXSourcesBuildPhase;
			buildActionMask = 2147483647;
			files = (
				3DCB91BF2AAD03D50063F88A /* KweonMichelleHW2Tests.swift in Sources */,
			);
			runOnlyForDeploymentPostprocessing = 0;
		};
		3DCB91C02AAD03D50063F88A /* Sources */ = {
			isa = PBXSourcesBuildPhase;
			buildActionMask = 2147483647;
			files = (
				3DCB91CB2AAD03D50063F88A /* KweonMichelleHW2UITestsLaunchTests.swift in Sources */,
				3DCB91C92AAD03D50063F88A /* KweonMichelleHW2UITests.swift in Sources */,
			);
			runOnlyForDeploymentPostprocessing = 0;
		};
/* End PBXSourcesBuildPhase section */

/* Begin PBXTargetDependency section */
		3DCB91BC2AAD03D50063F88A /* PBXTargetDependency */ = {
			isa = PBXTargetDependency;
			target = 3DCB91A92AAD03D20063F88A /* KweonMichelleHW2 */;
			targetProxy = 3DCB91BB2AAD03D50063F88A /* PBXContainerItemProxy */;
		};
		3DCB91C62AAD03D50063F88A /* PBXTargetDependency */ = {
			isa = PBXTargetDependency;
			target = 3DCB91A92AAD03D20063F88A /* KweonMichelleHW2 */;
			targetProxy = 3DCB91C52AAD03D50063F88A /* PBXContainerItemProxy */;
		};
/* End PBXTargetDependency section */

/* Begin XCBuildConfiguration section */
		3DCB91CC2AAD03D50063F88A /* Debug */ = {
			isa = XCBuildConfiguration;
			buildSettings = {
				ALWAYS_SEARCH_USER_PATHS = NO;
				CLANG_ANALYZER_NONNULL = YES;
				CLANG_ANALYZER_NUMBER_OBJECT_CONVERSION = YES_AGGRESSIVE;
				CLANG_CXX_LANGUAGE_STANDARD = "gnu++20";
				CLANG_ENABLE_MODULES = YES;
				CLANG_ENABLE_OBJC_ARC = YES;
				CLANG_ENABLE_OBJC_WEAK = YES;
				CLANG_WARN_BLOCK_CAPTURE_AUTORELEASING = YES;
				CLANG_WARN_BOOL_CONVERSION = YES;
				CLANG_WARN_COMMA = YES;
				CLANG_WARN_CONSTANT_CONVERSION = YES;
				CLANG_WARN_DEPRECATED_OBJC_IMPLEMENTATIONS = YES;
				CLANG_WARN_DIRECT_OBJC_ISA_USAGE = YES_ERROR;
				CLANG_WARN_DOCUMENTATION_COMMENTS = YES;
				CLANG_WARN_EMPTY_BODY = YES;
				CLANG_WARN_ENUM_CONVERSION = YES;
				CLANG_WARN_INFINITE_RECURSION = YES;
				CLANG_WARN_INT_CONVERSION = YES;
				CLANG_WARN_NON_LITERAL_NULL_CONVERSION = YES;
				CLANG_WARN_OBJC_IMPLICIT_RETAIN_SELF = YES;
				CLANG_WARN_OBJC_LITERAL_CONVERSION = YES;
				CLANG_WARN_OBJC_ROOT_CLASS = YES_ERROR;
				CLANG_WARN_QUOTED_INCLUDE_IN_FRAMEWORK_HEADER = YES;
				CLANG_WARN_RANGE_LOOP_ANALYSIS = YES;
				CLANG_WARN_STRICT_PROTOTYPES = YES;
				CLANG_WARN_SUSPICIOUS_MOVE = YES;
				CLANG_WARN_UNGUARDED_AVAILABILITY = YES_AGGRESSIVE;
				CLANG_WARN_UNREACHABLE_CODE = YES;
				CLANG_WARN__DUPLICATE_METHOD_MATCH = YES;
				COPY_PHASE_STRIP = NO;
				DEBUG_INFORMATION_FORMAT = dwarf;
				ENABLE_STRICT_OBJC_MSGSEND = YES;
				ENABLE_TESTABILITY = YES;
				GCC_C_LANGUAGE_STANDARD = gnu11;
				GCC_DYNAMIC_NO_PIC = NO;
				GCC_NO_COMMON_BLOCKS = YES;
				GCC_OPTIMIZATION_LEVEL = 0;
				GCC_PREPROCESSOR_DEFINITIONS = (
					"DEBUG=1",
					"$(inherited)",
				);
				GCC_WARN_64_TO_32_BIT_CONVERSION = YES;
				GCC_WARN_ABOUT_RETURN_TYPE = YES_ERROR;
				GCC_WARN_UNDECLARED_SELECTOR = YES;
				GCC_WARN_UNINITIALIZED_AUTOS = YES_AGGRESSIVE;
				GCC_WARN_UNUSED_FUNCTION = YES;
				GCC_WARN_UNUSED_VARIABLE = YES;
				IPHONEOS_DEPLOYMENT_TARGET = 16.4;
				MTL_ENABLE_DEBUG_INFO = INCLUDE_SOURCE;
				MTL_FAST_MATH = YES;
				ONLY_ACTIVE_ARCH = YES;
				SDKROOT = iphoneos;
				SWIFT_ACTIVE_COMPILATION_CONDITIONS = DEBUG;
				SWIFT_OPTIMIZATION_LEVEL = "-Onone";
			};
			name = Debug;
		};
		3DCB91CD2AAD03D50063F88A /* Release */ = {
			isa = XCBuildConfiguration;
			buildSettings = {
				ALWAYS_SEARCH_USER_PATHS = NO;
				CLANG_ANALYZER_NONNULL = YES;
				CLANG_ANALYZER_NUMBER_OBJECT_CONVERSION = YES_AGGRESSIVE;
				CLANG_CXX_LANGUAGE_STANDARD = "gnu++20";
				CLANG_ENABLE_MODULES = YES;
				CLANG_ENABLE_OBJC_ARC = YES;
				CLANG_ENABLE_OBJC_WEAK = YES;
				CLANG_WARN_BLOCK_CAPTURE_AUTORELEASING = YES;
				CLANG_WARN_BOOL_CONVERSION = YES;
				CLANG_WARN_COMMA = YES;
				CLANG_WARN_CONSTANT_CONVERSION = YES;
				CLANG_WARN_DEPRECATED_OBJC_IMPLEMENTATIONS = YES;
				CLANG_WARN_DIRECT_OBJC_ISA_USAGE = YES_ERROR;
				CLANG_WARN_DOCUMENTATION_COMMENTS = YES;
				CLANG_WARN_EMPTY_BODY = YES;
				CLANG_WARN_ENUM_CONVERSION = YES;
				CLANG_WARN_INFINITE_RECURSION = YES;
				CLANG_WARN_INT_CONVERSION = YES;
				CLANG_WARN_NON_LITERAL_NULL_CONVERSION = YES;
				CLANG_WARN_OBJC_IMPLICIT_RETAIN_SELF = YES;
				CLANG_WARN_OBJC_LITERAL_CONVERSION = YES;
				CLANG_WARN_OBJC_ROOT_CLASS = YES_ERROR;
				CLANG_WARN_QUOTED_INCLUDE_IN_FRAMEWORK_HEADER = YES;
				CLANG_WARN_RANGE_LOOP_ANALYSIS = YES;
				CLANG_WARN_STRICT_PROTOTYPES = YES;
				CLANG_WARN_SUSPICIOUS_MOVE = YES;
				CLANG_WARN_UNGUARDED_AVAILABILITY = YES_AGGRESSIVE;
				CLANG_WARN_UNREACHABLE_CODE = YES;
				CLANG_WARN__DUPLICATE_METHOD_MATCH = YES;
				COPY_PHASE_STRIP = NO;
				DEBUG_INFORMATION_FORMAT = "dwarf-with-dsym";
				ENABLE_NS_ASSERTIONS = NO;
				ENABLE_STRICT_OBJC_MSGSEND = YES;
				GCC_C_LANGUAGE_STANDARD = gnu11;
				GCC_NO_COMMON_BLOCKS = YES;
				GCC_WARN_64_TO_32_BIT_CONVERSION = YES;
				GCC_WARN_ABOUT_RETURN_TYPE = YES_ERROR;
				GCC_WARN_UNDECLARED_SELECTOR = YES;
				GCC_WARN_UNINITIALIZED_AUTOS = YES_AGGRESSIVE;
				GCC_WARN_UNUSED_FUNCTION = YES;
				GCC_WARN_UNUSED_VARIABLE = YES;
				IPHONEOS_DEPLOYMENT_TARGET = 16.4;
				MTL_ENABLE_DEBUG_INFO = NO;
				MTL_FAST_MATH = YES;
				SDKROOT = iphoneos;
				SWIFT_COMPILATION_MODE = wholemodule;
				SWIFT_OPTIMIZATION_LEVEL = "-O";
				VALIDATE_PRODUCT = YES;
			};
			name = Release;
		};
		3DCB91CF2AAD03D50063F88A /* Debug */ = {
			isa = XCBuildConfiguration;
			buildSettings = {
				ASSETCATALOG_COMPILER_APPICON_NAME = AppIcon;
				ASSETCATALOG_COMPILER_GLOBAL_ACCENT_COLOR_NAME = AccentColor;
				CODE_SIGN_STYLE = Automatic;
				CURRENT_PROJECT_VERSION = 1;
				DEVELOPMENT_ASSET_PATHS = "\"KweonMichelleHW2/Preview Content\"";
				ENABLE_PREVIEWS = YES;
				GENERATE_INFOPLIST_FILE = YES;
				INFOPLIST_KEY_CFBundleDisplayName = Profile;
				INFOPLIST_KEY_UIApplicationSceneManifest_Generation = YES;
				INFOPLIST_KEY_UIApplicationSupportsIndirectInputEvents = YES;
				INFOPLIST_KEY_UILaunchScreen_Generation = YES;
				INFOPLIST_KEY_UISupportedInterfaceOrientations_iPad = "UIInterfaceOrientationPortrait UIInterfaceOrientationPortraitUpsideDown UIInterfaceOrientationLandscapeLeft UIInterfaceOrientationLandscapeRight";
				INFOPLIST_KEY_UISupportedInterfaceOrientations_iPhone = "UIInterfaceOrientationPortrait UIInterfaceOrientationLandscapeLeft UIInterfaceOrientationLandscapeRight";
				LD_RUNPATH_SEARCH_PATHS = (
					"$(inherited)",
					"@executable_path/Frameworks",
				);
				MARKETING_VERSION = 1.0;
				PRODUCT_BUNDLE_IDENTIFIER = edu.usc.KweonMichelleHW2;
				PRODUCT_NAME = "$(TARGET_NAME)";
				SWIFT_EMIT_LOC_STRINGS = YES;
				SWIFT_VERSION = 5.0;
				TARGETED_DEVICE_FAMILY = "1,2";
			};
			name = Debug;
		};
		3DCB91D02AAD03D50063F88A /* Release */ = {
			isa = XCBuildConfiguration;
			buildSettings = {
				ASSETCATALOG_COMPILER_APPICON_NAME = AppIcon;
				ASSETCATALOG_COMPILER_GLOBAL_ACCENT_COLOR_NAME = AccentColor;
				CODE_SIGN_STYLE = Automatic;
				CURRENT_PROJECT_VERSION = 1;
				DEVELOPMENT_ASSET_PATHS = "\"KweonMichelleHW2/Preview Content\"";
				ENABLE_PREVIEWS = YES;
				GENERATE_INFOPLIST_FILE = YES;
				INFOPLIST_KEY_CFBundleDisplayName = Profile;
				INFOPLIST_KEY_UIApplicationSceneManifest_Generation = YES;
				INFOPLIST_KEY_UIApplicationSupportsIndirectInputEvents = YES;
				INFOPLIST_KEY_UILaunchScreen_Generation = YES;
				INFOPLIST_KEY_UISupportedInterfaceOrientations_iPad = "UIInterfaceOrientationPortrait UIInterfaceOrientationPortraitUpsideDown UIInterfaceOrientationLandscapeLeft UIInterfaceOrientationLandscapeRight";
				INFOPLIST_KEY_UISupportedInterfaceOrientations_iPhone = "UIInterfaceOrientationPortrait UIInterfaceOrientationLandscapeLeft UIInterfaceOrientationLandscapeRight";
				LD_RUNPATH_SEARCH_PATHS = (
					"$(inherited)",
					"@executable_path/Frameworks",
				);
				MARKETING_VERSION = 1.0;
				PRODUCT_BUNDLE_IDENTIFIER = edu.usc.KweonMichelleHW2;
				PRODUCT_NAME = "$(TARGET_NAME)";
				SWIFT_EMIT_LOC_STRINGS = YES;
				SWIFT_VERSION = 5.0;
				TARGETED_DEVICE_FAMILY = "1,2";
			};
			name = Release;
		};
		3DCB91D22AAD03D50063F88A /* Debug */ = {
			isa = XCBuildConfiguration;
			buildSettings = {
				ALWAYS_EMBED_SWIFT_STANDARD_LIBRARIES = YES;
				BUNDLE_LOADER = "$(TEST_HOST)";
				CODE_SIGN_STYLE = Automatic;
				CURRENT_PROJECT_VERSION = 1;
				GENERATE_INFOPLIST_FILE = YES;
				IPHONEOS_DEPLOYMENT_TARGET = 16.4;
				MARKETING_VERSION = 1.0;
				PRODUCT_BUNDLE_IDENTIFIER = edu.usc.KweonMichelleHW2Tests;
				PRODUCT_NAME = "$(TARGET_NAME)";
				SWIFT_EMIT_LOC_STRINGS = NO;
				SWIFT_VERSION = 5.0;
				TARGETED_DEVICE_FAMILY = "1,2";
				TEST_HOST = "$(BUILT_PRODUCTS_DIR)/KweonMichelleHW2.app/$(BUNDLE_EXECUTABLE_FOLDER_PATH)/KweonMichelleHW2";
			};
			name = Debug;
		};
		3DCB91D32AAD03D50063F88A /* Release */ = {
			isa = XCBuildConfiguration;
			buildSettings = {
				ALWAYS_EMBED_SWIFT_STANDARD_LIBRARIES = YES;
				BUNDLE_LOADER = "$(TEST_HOST)";
				CODE_SIGN_STYLE = Automatic;
				CURRENT_PROJECT_VERSION = 1;
				GENERATE_INFOPLIST_FILE = YES;
				IPHONEOS_DEPLOYMENT_TARGET = 16.4;
				MARKETING_VERSION = 1.0;
				PRODUCT_BUNDLE_IDENTIFIER = edu.usc.KweonMichelleHW2Tests;
				PRODUCT_NAME = "$(TARGET_NAME)";
				SWIFT_EMIT_LOC_STRINGS = NO;
				SWIFT_VERSION = 5.0;
				TARGETED_DEVICE_FAMILY = "1,2";
				TEST_HOST = "$(BUILT_PRODUCTS_DIR)/KweonMichelleHW2.app/$(BUNDLE_EXECUTABLE_FOLDER_PATH)/KweonMichelleHW2";
			};
			name = Release;
		};
		3DCB91D52AAD03D50063F88A /* Debug */ = {
			isa = XCBuildConfiguration;
			buildSettings = {
				ALWAYS_EMBED_SWIFT_STANDARD_LIBRARIES = YES;
				CODE_SIGN_STYLE = Automatic;
				CURRENT_PROJECT_VERSION = 1;
				GENERATE_INFOPLIST_FILE = YES;
				MARKETING_VERSION = 1.0;
				PRODUCT_BUNDLE_IDENTIFIER = edu.usc.KweonMichelleHW2UITests;
				PRODUCT_NAME = "$(TARGET_NAME)";
				SWIFT_EMIT_LOC_STRINGS = NO;
				SWIFT_VERSION = 5.0;
				TARGETED_DEVICE_FAMILY = "1,2";
				TEST_TARGET_NAME = KweonMichelleHW2;
			};
			name = Debug;
		};
		3DCB91D62AAD03D50063F88A /* Release */ = {
			isa = XCBuildConfiguration;
			buildSettings = {
				ALWAYS_EMBED_SWIFT_STANDARD_LIBRARIES = YES;
				CODE_SIGN_STYLE = Automatic;
				CURRENT_PROJECT_VERSION = 1;
				GENERATE_INFOPLIST_FILE = YES;
				MARKETING_VERSION = 1.0;
				PRODUCT_BUNDLE_IDENTIFIER = edu.usc.KweonMichelleHW2UITests;
				PRODUCT_NAME = "$(TARGET_NAME)";
				SWIFT_EMIT_LOC_STRINGS = NO;
				SWIFT_VERSION = 5.0;
				TARGETED_DEVICE_FAMILY = "1,2";
				TEST_TARGET_NAME = KweonMichelleHW2;
			};
			name = Release;
		};
/* End XCBuildConfiguration section */

/* Begin XCConfigurationList section */
		3DCB91A52AAD03D20063F88A /* Build configuration list for PBXProject "KweonMichelleHW2" */ = {
			isa = XCConfigurationList;
			buildConfigurations = (
				3DCB91CC2AAD03D50063F88A /* Debug */,
				3DCB91CD2AAD03D50063F88A /* Release */,
			);
			defaultConfigurationIsVisible = 0;
			defaultConfigurationName = Release;
		};
		3DCB91CE2AAD03D50063F88A /* Build configuration list for PBXNativeTarget "KweonMichelleHW2" */ = {
			isa = XCConfigurationList;
			buildConfigurations = (
				3DCB91CF2AAD03D50063F88A /* Debug */,
				3DCB91D02AAD03D50063F88A /* Release */,
			);
			defaultConfigurationIsVisible = 0;
			defaultConfigurationName = Release;
		};
		3DCB91D12AAD03D50063F88A /* Build configuration list for PBXNativeTarget "KweonMichelleHW2Tests" */ = {
			isa = XCConfigurationList;
			buildConfigurations = (
				3DCB91D22AAD03D50063F88A /* Debug */,
				3DCB91D32AAD03D50063F88A /* Release */,
			);
			defaultConfigurationIsVisible = 0;
			defaultConfigurationName = Release;
		};
		3DCB91D42AAD03D50063F88A /* Build configuration list for PBXNativeTarget "KweonMichelleHW2UITests" */ = {
			isa = XCConfigurationList;
			buildConfigurations = (
				3DCB91D52AAD03D50063F88A /* Debug */,
				3DCB91D62AAD03D50063F88A /* Release */,
			);
			defaultConfigurationIsVisible = 0;
			defaultConfigurationName = Release;
		};
/* End XCConfigurationList section */
	};
	rootObject = 3DCB91A22AAD03D20063F88A /* Project object */;
}
