// !$*UTF8*$!
{
	archiveVersion = 1;
	classes = {
	};
	objectVersion = 56;
	objects = {

/* Begin PBXBuildFile section */
		3D6FC7062ACE3E430095C55C /* KweonMichelleHW5App.swift in Sources */ = {isa = PBXBuildFile; fileRef = 3D6FC7052ACE3E430095C55C /* KweonMichelleHW5App.swift */; };
		3D6FC7082ACE3E430095C55C /* ContentView.swift in Sources */ = {isa = PBXBuildFile; fileRef = 3D6FC7072ACE3E430095C55C /* ContentView.swift */; };
		3D6FC70A2ACE3E440095C55C /* Assets.xcassets in Resources */ = {isa = PBXBuildFile; fileRef = 3D6FC7092ACE3E440095C55C /* Assets.xcassets */; };
		3D6FC70D2ACE3E440095C55C /* Preview Assets.xcassets in Resources */ = {isa = PBXBuildFile; fileRef = 3D6FC70C2ACE3E440095C55C /* Preview Assets.xcassets */; };
		3D6FC7172ACE3E440095C55C /* KweonMichelleHW5Tests.swift in Sources */ = {isa = PBXBuildFile; fileRef = 3D6FC7162ACE3E440095C55C /* KweonMichelleHW5Tests.swift */; };
		3D6FC7212ACE3E440095C55C /* KweonMichelleHW5UITests.swift in Sources */ = {isa = PBXBuildFile; fileRef = 3D6FC7202ACE3E440095C55C /* KweonMichelleHW5UITests.swift */; };
		3D6FC7232ACE3E440095C55C /* KweonMichelleHW5UITestsLaunchTests.swift in Sources */ = {isa = PBXBuildFile; fileRef = 3D6FC7222ACE3E440095C55C /* KweonMichelleHW5UITestsLaunchTests.swift */; };
		3D6FC7312ACE3E830095C55C /* Flashcard.swift in Sources */ = {isa = PBXBuildFile; fileRef = 3D6FC7302ACE3E830095C55C /* Flashcard.swift */; };
		3D6FC7342ACE3EA70095C55C /* FlashcardViewModel.swift in Sources */ = {isa = PBXBuildFile; fileRef = 3D6FC7332ACE3EA70095C55C /* FlashcardViewModel.swift */; };
		3D6FC7362ACE3ED50095C55C /* FlashcardsModel.swift in Sources */ = {isa = PBXBuildFile; fileRef = 3D6FC7352ACE3ED50095C55C /* FlashcardsModel.swift */; };
/* End PBXBuildFile section */

/* Begin PBXContainerItemProxy section */
		3D6FC7132ACE3E440095C55C /* PBXContainerItemProxy */ = {
			isa = PBXContainerItemProxy;
			containerPortal = 3D6FC6FA2ACE3E420095C55C /* Project object */;
			proxyType = 1;
			remoteGlobalIDString = 3D6FC7012ACE3E430095C55C;
			remoteInfo = KweonMichelleHW5;
		};
		3D6FC71D2ACE3E440095C55C /* PBXContainerItemProxy */ = {
			isa = PBXContainerItemProxy;
			containerPortal = 3D6FC6FA2ACE3E420095C55C /* Project object */;
			proxyType = 1;
			remoteGlobalIDString = 3D6FC7012ACE3E430095C55C;
			remoteInfo = KweonMichelleHW5;
		};
/* End PBXContainerItemProxy section */

/* Begin PBXFileReference section */
		3D6FC7022ACE3E430095C55C /* KweonMichelleHW5.app */ = {isa = PBXFileReference; explicitFileType = wrapper.application; includeInIndex = 0; path = KweonMichelleHW5.app; sourceTree = BUILT_PRODUCTS_DIR; };
		3D6FC7052ACE3E430095C55C /* KweonMichelleHW5App.swift */ = {isa = PBXFileReference; lastKnownFileType = sourcecode.swift; path = KweonMichelleHW5App.swift; sourceTree = "<group>"; };
		3D6FC7072ACE3E430095C55C /* ContentView.swift */ = {isa = PBXFileReference; lastKnownFileType = sourcecode.swift; path = ContentView.swift; sourceTree = "<group>"; };
		3D6FC7092ACE3E440095C55C /* Assets.xcassets */ = {isa = PBXFileReference; lastKnownFileType = folder.assetcatalog; path = Assets.xcassets; sourceTree = "<group>"; };
		3D6FC70C2ACE3E440095C55C /* Preview Assets.xcassets */ = {isa = PBXFileReference; lastKnownFileType = folder.assetcatalog; path = "Preview Assets.xcassets"; sourceTree = "<group>"; };
		3D6FC7122ACE3E440095C55C /* KweonMichelleHW5Tests.xctest */ = {isa = PBXFileReference; explicitFileType = wrapper.cfbundle; includeInIndex = 0; path = KweonMichelleHW5Tests.xctest; sourceTree = BUILT_PRODUCTS_DIR; };
		3D6FC7162ACE3E440095C55C /* KweonMichelleHW5Tests.swift */ = {isa = PBXFileReference; lastKnownFileType = sourcecode.swift; path = KweonMichelleHW5Tests.swift; sourceTree = "<group>"; };
		3D6FC71C2ACE3E440095C55C /* KweonMichelleHW5UITests.xctest */ = {isa = PBXFileReference; explicitFileType = wrapper.cfbundle; includeInIndex = 0; path = KweonMichelleHW5UITests.xctest; sourceTree = BUILT_PRODUCTS_DIR; };
		3D6FC7202ACE3E440095C55C /* KweonMichelleHW5UITests.swift */ = {isa = PBXFileReference; lastKnownFileType = sourcecode.swift; path = KweonMichelleHW5UITests.swift; sourceTree = "<group>"; };
		3D6FC7222ACE3E440095C55C /* KweonMichelleHW5UITestsLaunchTests.swift */ = {isa = PBXFileReference; lastKnownFileType = sourcecode.swift; path = KweonMichelleHW5UITestsLaunchTests.swift; sourceTree = "<group>"; };
		3D6FC7302ACE3E830095C55C /* Flashcard.swift */ = {isa = PBXFileReference; lastKnownFileType = sourcecode.swift; path = Flashcard.swift; sourceTree = "<group>"; };
		3D6FC7332ACE3EA70095C55C /* FlashcardViewModel.swift */ = {isa = PBXFileReference; lastKnownFileType = sourcecode.swift; path = FlashcardViewModel.swift; sourceTree = "<group>"; };
		3D6FC7352ACE3ED50095C55C /* FlashcardsModel.swift */ = {isa = PBXFileReference; lastKnownFileType = sourcecode.swift; path = FlashcardsModel.swift; sourceTree = "<group>"; };
/* End PBXFileReference section */

/* Begin PBXFrameworksBuildPhase section */
		3D6FC6FF2ACE3E430095C55C /* Frameworks */ = {
			isa = PBXFrameworksBuildPhase;
			buildActionMask = 2147483647;
			files = (
			);
			runOnlyForDeploymentPostprocessing = 0;
		};
		3D6FC70F2ACE3E440095C55C /* Frameworks */ = {
			isa = PBXFrameworksBuildPhase;
			buildActionMask = 2147483647;
			files = (
			);
			runOnlyForDeploymentPostprocessing = 0;
		};
		3D6FC7192ACE3E440095C55C /* Frameworks */ = {
			isa = PBXFrameworksBuildPhase;
			buildActionMask = 2147483647;
			files = (
			);
			runOnlyForDeploymentPostprocessing = 0;
		};
/* End PBXFrameworksBuildPhase section */

/* Begin PBXGroup section */
		3D6FC6F92ACE3E420095C55C = {
			isa = PBXGroup;
			children = (
				3D6FC7042ACE3E430095C55C /* KweonMichelleHW5 */,
				3D6FC7152ACE3E440095C55C /* KweonMichelleHW5Tests */,
				3D6FC71F2ACE3E440095C55C /* KweonMichelleHW5UITests */,
				3D6FC7032ACE3E430095C55C /* Products */,
			);
			sourceTree = "<group>";
		};
		3D6FC7032ACE3E430095C55C /* Products */ = {
			isa = PBXGroup;
			children = (
				3D6FC7022ACE3E430095C55C /* KweonMichelleHW5.app */,
				3D6FC7122ACE3E440095C55C /* KweonMichelleHW5Tests.xctest */,
				3D6FC71C2ACE3E440095C55C /* KweonMichelleHW5UITests.xctest */,
			);
			name = Products;
			sourceTree = "<group>";
		};
		3D6FC7042ACE3E430095C55C /* KweonMichelleHW5 */ = {
			isa = PBXGroup;
			children = (
				3D6FC7322ACE3E940095C55C /* ViewModel */,
				3D6FC72F2ACE3E4B0095C55C /* Model */,
				3D6FC7052ACE3E430095C55C /* KweonMichelleHW5App.swift */,
				3D6FC7072ACE3E430095C55C /* ContentView.swift */,
				3D6FC7092ACE3E440095C55C /* Assets.xcassets */,
				3D6FC70B2ACE3E440095C55C /* Preview Content */,
			);
			path = KweonMichelleHW5;
			sourceTree = "<group>";
		};
		3D6FC70B2ACE3E440095C55C /* Preview Content */ = {
			isa = PBXGroup;
			children = (
				3D6FC70C2ACE3E440095C55C /* Preview Assets.xcassets */,
			);
			path = "Preview Content";
			sourceTree = "<group>";
		};
		3D6FC7152ACE3E440095C55C /* KweonMichelleHW5Tests */ = {
			isa = PBXGroup;
			children = (
				3D6FC7162ACE3E440095C55C /* KweonMichelleHW5Tests.swift */,
			);
			path = KweonMichelleHW5Tests;
			sourceTree = "<group>";
		};
		3D6FC71F2ACE3E440095C55C /* KweonMichelleHW5UITests */ = {
			isa = PBXGroup;
			children = (
				3D6FC7202ACE3E440095C55C /* KweonMichelleHW5UITests.swift */,
				3D6FC7222ACE3E440095C55C /* KweonMichelleHW5UITestsLaunchTests.swift */,
			);
			path = KweonMichelleHW5UITests;
			sourceTree = "<group>";
		};
		3D6FC72F2ACE3E4B0095C55C /* Model */ = {
			isa = PBXGroup;
			children = (
				3D6FC7302ACE3E830095C55C /* Flashcard.swift */,
			);
			path = Model;
			sourceTree = "<group>";
		};
		3D6FC7322ACE3E940095C55C /* ViewModel */ = {
			isa = PBXGroup;
			children = (
				3D6FC7332ACE3EA70095C55C /* FlashcardViewModel.swift */,
				3D6FC7352ACE3ED50095C55C /* FlashcardsModel.swift */,
			);
			path = ViewModel;
			sourceTree = "<group>";
		};
/* End PBXGroup section */

/* Begin PBXNativeTarget section */
		3D6FC7012ACE3E430095C55C /* KweonMichelleHW5 */ = {
			isa = PBXNativeTarget;
			buildConfigurationList = 3D6FC7262ACE3E440095C55C /* Build configuration list for PBXNativeTarget "KweonMichelleHW5" */;
			buildPhases = (
				3D6FC6FE2ACE3E430095C55C /* Sources */,
				3D6FC6FF2ACE3E430095C55C /* Frameworks */,
				3D6FC7002ACE3E430095C55C /* Resources */,
			);
			buildRules = (
			);
			dependencies = (
			);
			name = KweonMichelleHW5;
			productName = KweonMichelleHW5;
			productReference = 3D6FC7022ACE3E430095C55C /* KweonMichelleHW5.app */;
			productType = "com.apple.product-type.application";
		};
		3D6FC7112ACE3E440095C55C /* KweonMichelleHW5Tests */ = {
			isa = PBXNativeTarget;
			buildConfigurationList = 3D6FC7292ACE3E440095C55C /* Build configuration list for PBXNativeTarget "KweonMichelleHW5Tests" */;
			buildPhases = (
				3D6FC70E2ACE3E440095C55C /* Sources */,
				3D6FC70F2ACE3E440095C55C /* Frameworks */,
				3D6FC7102ACE3E440095C55C /* Resources */,
			);
			buildRules = (
			);
			dependencies = (
				3D6FC7142ACE3E440095C55C /* PBXTargetDependency */,
			);
			name = KweonMichelleHW5Tests;
			productName = KweonMichelleHW5Tests;
			productReference = 3D6FC7122ACE3E440095C55C /* KweonMichelleHW5Tests.xctest */;
			productType = "com.apple.product-type.bundle.unit-test";
		};
		3D6FC71B2ACE3E440095C55C /* KweonMichelleHW5UITests */ = {
			isa = PBXNativeTarget;
			buildConfigurationList = 3D6FC72C2ACE3E440095C55C /* Build configuration list for PBXNativeTarget "KweonMichelleHW5UITests" */;
			buildPhases = (
				3D6FC7182ACE3E440095C55C /* Sources */,
				3D6FC7192ACE3E440095C55C /* Frameworks */,
				3D6FC71A2ACE3E440095C55C /* Resources */,
			);
			buildRules = (
			);
			dependencies = (
				3D6FC71E2ACE3E440095C55C /* PBXTargetDependency */,
			);
			name = KweonMichelleHW5UITests;
			productName = KweonMichelleHW5UITests;
			productReference = 3D6FC71C2ACE3E440095C55C /* KweonMichelleHW5UITests.xctest */;
			productType = "com.apple.product-type.bundle.ui-testing";
		};
/* End PBXNativeTarget section */

/* Begin PBXProject section */
		3D6FC6FA2ACE3E420095C55C /* Project object */ = {
			isa = PBXProject;
			attributes = {
				BuildIndependentTargetsInParallel = 1;
				LastSwiftUpdateCheck = 1430;
				LastUpgradeCheck = 1430;
				TargetAttributes = {
					3D6FC7012ACE3E430095C55C = {
						CreatedOnToolsVersion = 14.3.1;
					};
					3D6FC7112ACE3E440095C55C = {
						CreatedOnToolsVersion = 14.3.1;
						TestTargetID = 3D6FC7012ACE3E430095C55C;
					};
					3D6FC71B2ACE3E440095C55C = {
						CreatedOnToolsVersion = 14.3.1;
						TestTargetID = 3D6FC7012ACE3E430095C55C;
					};
				};
			};
			buildConfigurationList = 3D6FC6FD2ACE3E420095C55C /* Build configuration list for PBXProject "KweonMichelleHW5" */;
			compatibilityVersion = "Xcode 14.0";
			developmentRegion = en;
			hasScannedForEncodings = 0;
			knownRegions = (
				en,
				Base,
			);
			mainGroup = 3D6FC6F92ACE3E420095C55C;
			productRefGroup = 3D6FC7032ACE3E430095C55C /* Products */;
			projectDirPath = "";
			projectRoot = "";
			targets = (
				3D6FC7012ACE3E430095C55C /* KweonMichelleHW5 */,
				3D6FC7112ACE3E440095C55C /* KweonMichelleHW5Tests */,
				3D6FC71B2ACE3E440095C55C /* KweonMichelleHW5UITests */,
			);
		};
/* End PBXProject section */

/* Begin PBXResourcesBuildPhase section */
		3D6FC7002ACE3E430095C55C /* Resources */ = {
			isa = PBXResourcesBuildPhase;
			buildActionMask = 2147483647;
			files = (
				3D6FC70D2ACE3E440095C55C /* Preview Assets.xcassets in Resources */,
				3D6FC70A2ACE3E440095C55C /* Assets.xcassets in Resources */,
			);
			runOnlyForDeploymentPostprocessing = 0;
		};
		3D6FC7102ACE3E440095C55C /* Resources */ = {
			isa = PBXResourcesBuildPhase;
			buildActionMask = 2147483647;
			files = (
			);
			runOnlyForDeploymentPostprocessing = 0;
		};
		3D6FC71A2ACE3E440095C55C /* Resources */ = {
			isa = PBXResourcesBuildPhase;
			buildActionMask = 2147483647;
			files = (
			);
			runOnlyForDeploymentPostprocessing = 0;
		};
/* End PBXResourcesBuildPhase section */

/* Begin PBXSourcesBuildPhase section */
		3D6FC6FE2ACE3E430095C55C /* Sources */ = {
			isa = PBXSourcesBuildPhase;
			buildActionMask = 2147483647;
			files = (
				3D6FC7312ACE3E830095C55C /* Flashcard.swift in Sources */,
				3D6FC7082ACE3E430095C55C /* ContentView.swift in Sources */,
				3D6FC7062ACE3E430095C55C /* KweonMichelleHW5App.swift in Sources */,
				3D6FC7342ACE3EA70095C55C /* FlashcardViewModel.swift in Sources */,
				3D6FC7362ACE3ED50095C55C /* FlashcardsModel.swift in Sources */,
			);
			runOnlyForDeploymentPostprocessing = 0;
		};
		3D6FC70E2ACE3E440095C55C /* Sources */ = {
			isa = PBXSourcesBuildPhase;
			buildActionMask = 2147483647;
			files = (
				3D6FC7172ACE3E440095C55C /* KweonMichelleHW5Tests.swift in Sources */,
			);
			runOnlyForDeploymentPostprocessing = 0;
		};
		3D6FC7182ACE3E440095C55C /* Sources */ = {
			isa = PBXSourcesBuildPhase;
			buildActionMask = 2147483647;
			files = (
				3D6FC7212ACE3E440095C55C /* KweonMichelleHW5UITests.swift in Sources */,
				3D6FC7232ACE3E440095C55C /* KweonMichelleHW5UITestsLaunchTests.swift in Sources */,
			);
			runOnlyForDeploymentPostprocessing = 0;
		};
/* End PBXSourcesBuildPhase section */

/* Begin PBXTargetDependency section */
		3D6FC7142ACE3E440095C55C /* PBXTargetDependency */ = {
			isa = PBXTargetDependency;
			target = 3D6FC7012ACE3E430095C55C /* KweonMichelleHW5 */;
			targetProxy = 3D6FC7132ACE3E440095C55C /* PBXContainerItemProxy */;
		};
		3D6FC71E2ACE3E440095C55C /* PBXTargetDependency */ = {
			isa = PBXTargetDependency;
			target = 3D6FC7012ACE3E430095C55C /* KweonMichelleHW5 */;
			targetProxy = 3D6FC71D2ACE3E440095C55C /* PBXContainerItemProxy */;
		};
/* End PBXTargetDependency section */

/* Begin XCBuildConfiguration section */
		3D6FC7242ACE3E440095C55C /* Debug */ = {
			isa = XCBuildConfiguration;
			buildSettings = {
				ALWAYS_SEARCH_USER_PATHS = NO;
				CLANG_ANALYZER_NONNULL = YES;
				CLANG_ANALYZER_NUMBER_OBJECT_CONVERSION = YES_AGGRESSIVE;
				CLANG_CXX_LANGUAGE_STANDARD = "gnu++20";
				CLANG_ENABLE_MODULES = YES;
				CLANG_ENABLE_OBJC_ARC = YES;
				CLANG_ENABLE_OBJC_WEAK = YES;
				CLANG_WARN_BLOCK_CAPTURE_AUTORELEASING = YES;
				CLANG_WARN_BOOL_CONVERSION = YES;
				CLANG_WARN_COMMA = YES;
				CLANG_WARN_CONSTANT_CONVERSION = YES;
				CLANG_WARN_DEPRECATED_OBJC_IMPLEMENTATIONS = YES;
				CLANG_WARN_DIRECT_OBJC_ISA_USAGE = YES_ERROR;
				CLANG_WARN_DOCUMENTATION_COMMENTS = YES;
				CLANG_WARN_EMPTY_BODY = YES;
				CLANG_WARN_ENUM_CONVERSION = YES;
				CLANG_WARN_INFINITE_RECURSION = YES;
				CLANG_WARN_INT_CONVERSION = YES;
				CLANG_WARN_NON_LITERAL_NULL_CONVERSION = YES;
				CLANG_WARN_OBJC_IMPLICIT_RETAIN_SELF = YES;
				CLANG_WARN_OBJC_LITERAL_CONVERSION = YES;
				CLANG_WARN_OBJC_ROOT_CLASS = YES_ERROR;
				CLANG_WARN_QUOTED_INCLUDE_IN_FRAMEWORK_HEADER = YES;
				CLANG_WARN_RANGE_LOOP_ANALYSIS = YES;
				CLANG_WARN_STRICT_PROTOTYPES = YES;
				CLANG_WARN_SUSPICIOUS_MOVE = YES;
				CLANG_WARN_UNGUARDED_AVAILABILITY = YES_AGGRESSIVE;
				CLANG_WARN_UNREACHABLE_CODE = YES;
				CLANG_WARN__DUPLICATE_METHOD_MATCH = YES;
				COPY_PHASE_STRIP = NO;
				DEBUG_INFORMATION_FORMAT = dwarf;
				ENABLE_STRICT_OBJC_MSGSEND = YES;
				ENABLE_TESTABILITY = YES;
				GCC_C_LANGUAGE_STANDARD = gnu11;
				GCC_DYNAMIC_NO_PIC = NO;
				GCC_NO_COMMON_BLOCKS = YES;
				GCC_OPTIMIZATION_LEVEL = 0;
				GCC_PREPROCESSOR_DEFINITIONS = (
					"DEBUG=1",
					"$(inherited)",
				);
				GCC_WARN_64_TO_32_BIT_CONVERSION = YES;
				GCC_WARN_ABOUT_RETURN_TYPE = YES_ERROR;
				GCC_WARN_UNDECLARED_SELECTOR = YES;
				GCC_WARN_UNINITIALIZED_AUTOS = YES_AGGRESSIVE;
				GCC_WARN_UNUSED_FUNCTION = YES;
				GCC_WARN_UNUSED_VARIABLE = YES;
				IPHONEOS_DEPLOYMENT_TARGET = 16.4;
				MTL_ENABLE_DEBUG_INFO = INCLUDE_SOURCE;
				MTL_FAST_MATH = YES;
				ONLY_ACTIVE_ARCH = YES;
				SDKROOT = iphoneos;
				SWIFT_ACTIVE_COMPILATION_CONDITIONS = DEBUG;
				SWIFT_OPTIMIZATION_LEVEL = "-Onone";
			};
			name = Debug;
		};
		3D6FC7252ACE3E440095C55C /* Release */ = {
			isa = XCBuildConfiguration;
			buildSettings = {
				ALWAYS_SEARCH_USER_PATHS = NO;
				CLANG_ANALYZER_NONNULL = YES;
				CLANG_ANALYZER_NUMBER_OBJECT_CONVERSION = YES_AGGRESSIVE;
				CLANG_CXX_LANGUAGE_STANDARD = "gnu++20";
				CLANG_ENABLE_MODULES = YES;
				CLANG_ENABLE_OBJC_ARC = YES;
				CLANG_ENABLE_OBJC_WEAK = YES;
				CLANG_WARN_BLOCK_CAPTURE_AUTORELEASING = YES;
				CLANG_WARN_BOOL_CONVERSION = YES;
				CLANG_WARN_COMMA = YES;
				CLANG_WARN_CONSTANT_CONVERSION = YES;
				CLANG_WARN_DEPRECATED_OBJC_IMPLEMENTATIONS = YES;
				CLANG_WARN_DIRECT_OBJC_ISA_USAGE = YES_ERROR;
				CLANG_WARN_DOCUMENTATION_COMMENTS = YES;
				CLANG_WARN_EMPTY_BODY = YES;
				CLANG_WARN_ENUM_CONVERSION = YES;
				CLANG_WARN_INFINITE_RECURSION = YES;
				CLANG_WARN_INT_CONVERSION = YES;
				CLANG_WARN_NON_LITERAL_NULL_CONVERSION = YES;
				CLANG_WARN_OBJC_IMPLICIT_RETAIN_SELF = YES;
				CLANG_WARN_OBJC_LITERAL_CONVERSION = YES;
				CLANG_WARN_OBJC_ROOT_CLASS = YES_ERROR;
				CLANG_WARN_QUOTED_INCLUDE_IN_FRAMEWORK_HEADER = YES;
				CLANG_WARN_RANGE_LOOP_ANALYSIS = YES;
				CLANG_WARN_STRICT_PROTOTYPES = YES;
				CLANG_WARN_SUSPICIOUS_MOVE = YES;
				CLANG_WARN_UNGUARDED_AVAILABILITY = YES_AGGRESSIVE;
				CLANG_WARN_UNREACHABLE_CODE = YES;
				CLANG_WARN__DUPLICATE_METHOD_MATCH = YES;
				COPY_PHASE_STRIP = NO;
				DEBUG_INFORMATION_FORMAT = "dwarf-with-dsym";
				ENABLE_NS_ASSERTIONS = NO;
				ENABLE_STRICT_OBJC_MSGSEND = YES;
				GCC_C_LANGUAGE_STANDARD = gnu11;
				GCC_NO_COMMON_BLOCKS = YES;
				GCC_WARN_64_TO_32_BIT_CONVERSION = YES;
				GCC_WARN_ABOUT_RETURN_TYPE = YES_ERROR;
				GCC_WARN_UNDECLARED_SELECTOR = YES;
				GCC_WARN_UNINITIALIZED_AUTOS = YES_AGGRESSIVE;
				GCC_WARN_UNUSED_FUNCTION = YES;
				GCC_WARN_UNUSED_VARIABLE = YES;
				IPHONEOS_DEPLOYMENT_TARGET = 16.4;
				MTL_ENABLE_DEBUG_INFO = NO;
				MTL_FAST_MATH = YES;
				SDKROOT = iphoneos;
				SWIFT_COMPILATION_MODE = wholemodule;
				SWIFT_OPTIMIZATION_LEVEL = "-O";
				VALIDATE_PRODUCT = YES;
			};
			name = Release;
		};
		3D6FC7272ACE3E440095C55C /* Debug */ = {
			isa = XCBuildConfiguration;
			buildSettings = {
				ASSETCATALOG_COMPILER_APPICON_NAME = AppIcon;
				ASSETCATALOG_COMPILER_GLOBAL_ACCENT_COLOR_NAME = AccentColor;
				CODE_SIGN_STYLE = Automatic;
				CURRENT_PROJECT_VERSION = 1;
				DEVELOPMENT_ASSET_PATHS = "\"KweonMichelleHW5/Preview Content\"";
				ENABLE_PREVIEWS = YES;
				GENERATE_INFOPLIST_FILE = YES;
				INFOPLIST_KEY_CFBundleDisplayName = Flashcards;
				INFOPLIST_KEY_UIApplicationSceneManifest_Generation = YES;
				INFOPLIST_KEY_UIApplicationSupportsIndirectInputEvents = YES;
				INFOPLIST_KEY_UILaunchScreen_Generation = YES;
				INFOPLIST_KEY_UISupportedInterfaceOrientations = UIInterfaceOrientationPortrait;
				LD_RUNPATH_SEARCH_PATHS = (
					"$(inherited)",
					"@executable_path/Frameworks",
				);
				MARKETING_VERSION = 1.0;
				PRODUCT_BUNDLE_IDENTIFIER = edu.usc.KweonMichelleHW5;
				PRODUCT_NAME = "$(TARGET_NAME)";
				SWIFT_EMIT_LOC_STRINGS = YES;
				SWIFT_VERSION = 5.0;
				TARGETED_DEVICE_FAMILY = "1,2";
			};
			name = Debug;
		};
		3D6FC7282ACE3E440095C55C /* Release */ = {
			isa = XCBuildConfiguration;
			buildSettings = {
				ASSETCATALOG_COMPILER_APPICON_NAME = AppIcon;
				ASSETCATALOG_COMPILER_GLOBAL_ACCENT_COLOR_NAME = AccentColor;
				CODE_SIGN_STYLE = Automatic;
				CURRENT_PROJECT_VERSION = 1;
				DEVELOPMENT_ASSET_PATHS = "\"KweonMichelleHW5/Preview Content\"";
				ENABLE_PREVIEWS = YES;
				GENERATE_INFOPLIST_FILE = YES;
				INFOPLIST_KEY_CFBundleDisplayName = Flashcards;
				INFOPLIST_KEY_UIApplicationSceneManifest_Generation = YES;
				INFOPLIST_KEY_UIApplicationSupportsIndirectInputEvents = YES;
				INFOPLIST_KEY_UILaunchScreen_Generation = YES;
				INFOPLIST_KEY_UISupportedInterfaceOrientations = UIInterfaceOrientationPortrait;
				LD_RUNPATH_SEARCH_PATHS = (
					"$(inherited)",
					"@executable_path/Frameworks",
				);
				MARKETING_VERSION = 1.0;
				PRODUCT_BUNDLE_IDENTIFIER = edu.usc.KweonMichelleHW5;
				PRODUCT_NAME = "$(TARGET_NAME)";
				SWIFT_EMIT_LOC_STRINGS = YES;
				SWIFT_VERSION = 5.0;
				TARGETED_DEVICE_FAMILY = "1,2";
			};
			name = Release;
		};
		3D6FC72A2ACE3E440095C55C /* Debug */ = {
			isa = XCBuildConfiguration;
			buildSettings = {
				ALWAYS_EMBED_SWIFT_STANDARD_LIBRARIES = YES;
				BUNDLE_LOADER = "$(TEST_HOST)";
				CODE_SIGN_STYLE = Automatic;
				CURRENT_PROJECT_VERSION = 1;
				GENERATE_INFOPLIST_FILE = YES;
				IPHONEOS_DEPLOYMENT_TARGET = 16.4;
				MARKETING_VERSION = 1.0;
				PRODUCT_BUNDLE_IDENTIFIER = edu.usc.KweonMichelleHW5Tests;
				PRODUCT_NAME = "$(TARGET_NAME)";
				SWIFT_EMIT_LOC_STRINGS = NO;
				SWIFT_VERSION = 5.0;
				TARGETED_DEVICE_FAMILY = "1,2";
				TEST_HOST = "$(BUILT_PRODUCTS_DIR)/KweonMichelleHW5.app/$(BUNDLE_EXECUTABLE_FOLDER_PATH)/KweonMichelleHW5";
			};
			name = Debug;
		};
		3D6FC72B2ACE3E440095C55C /* Release */ = {
			isa = XCBuildConfiguration;
			buildSettings = {
				ALWAYS_EMBED_SWIFT_STANDARD_LIBRARIES = YES;
				BUNDLE_LOADER = "$(TEST_HOST)";
				CODE_SIGN_STYLE = Automatic;
				CURRENT_PROJECT_VERSION = 1;
				GENERATE_INFOPLIST_FILE = YES;
				IPHONEOS_DEPLOYMENT_TARGET = 16.4;
				MARKETING_VERSION = 1.0;
				PRODUCT_BUNDLE_IDENTIFIER = edu.usc.KweonMichelleHW5Tests;
				PRODUCT_NAME = "$(TARGET_NAME)";
				SWIFT_EMIT_LOC_STRINGS = NO;
				SWIFT_VERSION = 5.0;
				TARGETED_DEVICE_FAMILY = "1,2";
				TEST_HOST = "$(BUILT_PRODUCTS_DIR)/KweonMichelleHW5.app/$(BUNDLE_EXECUTABLE_FOLDER_PATH)/KweonMichelleHW5";
			};
			name = Release;
		};
		3D6FC72D2ACE3E440095C55C /* Debug */ = {
			isa = XCBuildConfiguration;
			buildSettings = {
				ALWAYS_EMBED_SWIFT_STANDARD_LIBRARIES = YES;
				CODE_SIGN_STYLE = Automatic;
				CURRENT_PROJECT_VERSION = 1;
				GENERATE_INFOPLIST_FILE = YES;
				MARKETING_VERSION = 1.0;
				PRODUCT_BUNDLE_IDENTIFIER = edu.usc.KweonMichelleHW5UITests;
				PRODUCT_NAME = "$(TARGET_NAME)";
				SWIFT_EMIT_LOC_STRINGS = NO;
				SWIFT_VERSION = 5.0;
				TARGETED_DEVICE_FAMILY = "1,2";
				TEST_TARGET_NAME = KweonMichelleHW5;
			};
			name = Debug;
		};
		3D6FC72E2ACE3E440095C55C /* Release */ = {
			isa = XCBuildConfiguration;
			buildSettings = {
				ALWAYS_EMBED_SWIFT_STANDARD_LIBRARIES = YES;
				CODE_SIGN_STYLE = Automatic;
				CURRENT_PROJECT_VERSION = 1;
				GENERATE_INFOPLIST_FILE = YES;
				MARKETING_VERSION = 1.0;
				PRODUCT_BUNDLE_IDENTIFIER = edu.usc.KweonMichelleHW5UITests;
				PRODUCT_NAME = "$(TARGET_NAME)";
				SWIFT_EMIT_LOC_STRINGS = NO;
				SWIFT_VERSION = 5.0;
				TARGETED_DEVICE_FAMILY = "1,2";
				TEST_TARGET_NAME = KweonMichelleHW5;
			};
			name = Release;
		};
/* End XCBuildConfiguration section */

/* Begin XCConfigurationList section */
		3D6FC6FD2ACE3E420095C55C /* Build configuration list for PBXProject "KweonMichelleHW5" */ = {
			isa = XCConfigurationList;
			buildConfigurations = (
				3D6FC7242ACE3E440095C55C /* Debug */,
				3D6FC7252ACE3E440095C55C /* Release */,
			);
			defaultConfigurationIsVisible = 0;
			defaultConfigurationName = Release;
		};
		3D6FC7262ACE3E440095C55C /* Build configuration list for PBXNativeTarget "KweonMichelleHW5" */ = {
			isa = XCConfigurationList;
			buildConfigurations = (
				3D6FC7272ACE3E440095C55C /* Debug */,
				3D6FC7282ACE3E440095C55C /* Release */,
			);
			defaultConfigurationIsVisible = 0;
			defaultConfigurationName = Release;
		};
		3D6FC7292ACE3E440095C55C /* Build configuration list for PBXNativeTarget "KweonMichelleHW5Tests" */ = {
			isa = XCConfigurationList;
			buildConfigurations = (
				3D6FC72A2ACE3E440095C55C /* Debug */,
				3D6FC72B2ACE3E440095C55C /* Release */,
			);
			defaultConfigurationIsVisible = 0;
			defaultConfigurationName = Release;
		};
		3D6FC72C2ACE3E440095C55C /* Build configuration list for PBXNativeTarget "KweonMichelleHW5UITests" */ = {
			isa = XCConfigurationList;
			buildConfigurations = (
				3D6FC72D2ACE3E440095C55C /* Debug */,
				3D6FC72E2ACE3E440095C55C /* Release */,
			);
			defaultConfigurationIsVisible = 0;
			defaultConfigurationName = Release;
		};
/* End XCConfigurationList section */
	};
	rootObject = 3D6FC6FA2ACE3E420095C55C /* Project object */;
}
